// !$*UTF8*$!
{
	archiveVersion = 1;
	classes = {
	};
	objectVersion = 56;
	objects = {

/* Begin PBXBuildFile section */
		F83E451C2915AD74002CC9E3 /* WeatherService.swift in Sources */ = {isa = PBXBuildFile; fileRef = F83E451B2915AD74002CC9E3 /* WeatherService.swift */; };
		F84463A629116081009F04BB /* WeatherFoxApp.swift in Sources */ = {isa = PBXBuildFile; fileRef = F84463A529116081009F04BB /* WeatherFoxApp.swift */; };
		F84463A829116081009F04BB /* ContentView.swift in Sources */ = {isa = PBXBuildFile; fileRef = F84463A729116081009F04BB /* ContentView.swift */; };
		F84463AA29116082009F04BB /* Assets.xcassets in Resources */ = {isa = PBXBuildFile; fileRef = F84463A929116082009F04BB /* Assets.xcassets */; };
		F84463AD29116082009F04BB /* Preview Assets.xcassets in Resources */ = {isa = PBXBuildFile; fileRef = F84463AC29116082009F04BB /* Preview Assets.xcassets */; };
		F84463AF29116082009F04BB /* Persistence.swift in Sources */ = {isa = PBXBuildFile; fileRef = F84463AE29116082009F04BB /* Persistence.swift */; };
		F84463B229116082009F04BB /* WeatherFox.xcdatamodeld in Sources */ = {isa = PBXBuildFile; fileRef = F84463B029116082009F04BB /* WeatherFox.xcdatamodeld */; };
		F84463BC29116082009F04BB /* WeatherFoxTests.swift in Sources */ = {isa = PBXBuildFile; fileRef = F84463BB29116082009F04BB /* WeatherFoxTests.swift */; };
		F84463C629116082009F04BB /* WeatherFoxUITests.swift in Sources */ = {isa = PBXBuildFile; fileRef = F84463C529116082009F04BB /* WeatherFoxUITests.swift */; };
		F84463C829116082009F04BB /* WeatherFoxUITestsLaunchTests.swift in Sources */ = {isa = PBXBuildFile; fileRef = F84463C729116082009F04BB /* WeatherFoxUITestsLaunchTests.swift */; };
		F84463D7291185C0009F04BB /* PhoneHomeView.swift in Sources */ = {isa = PBXBuildFile; fileRef = F84463D6291185C0009F04BB /* PhoneHomeView.swift */; };
		F84463DB29118A1D009F04BB /* WeatherRepository.swift in Sources */ = {isa = PBXBuildFile; fileRef = F84463DA29118A1D009F04BB /* WeatherRepository.swift */; };
		F84463E02911A40C009F04BB /* ForecastModel.swift in Sources */ = {isa = PBXBuildFile; fileRef = F84463DF2911A40C009F04BB /* ForecastModel.swift */; };
		F84463E22911B62E009F04BB /* HomeVM.swift in Sources */ = {isa = PBXBuildFile; fileRef = F84463E12911B62E009F04BB /* HomeVM.swift */; };
		F84463E42911C375009F04BB /* CurrentWeatherView.swift in Sources */ = {isa = PBXBuildFile; fileRef = F84463E32911C375009F04BB /* CurrentWeatherView.swift */; };
		F8B8437D2935476B00DCE48B /* AppConfig.swift in Sources */ = {isa = PBXBuildFile; fileRef = F8B8437C2935476B00DCE48B /* AppConfig.swift */; };
		F8B8438029354AB300DCE48B /* SharedAssets.xcassets in Resources */ = {isa = PBXBuildFile; fileRef = F8B8437F29354AB300DCE48B /* SharedAssets.xcassets */; };
/* End PBXBuildFile section */

/* Begin PBXContainerItemProxy section */
		F84463B829116082009F04BB /* PBXContainerItemProxy */ = {
			isa = PBXContainerItemProxy;
			containerPortal = F844639A29116081009F04BB /* Project object */;
			proxyType = 1;
			remoteGlobalIDString = F84463A129116081009F04BB;
			remoteInfo = WeatherFox;
		};
		F84463C229116082009F04BB /* PBXContainerItemProxy */ = {
			isa = PBXContainerItemProxy;
			containerPortal = F844639A29116081009F04BB /* Project object */;
			proxyType = 1;
			remoteGlobalIDString = F84463A129116081009F04BB;
			remoteInfo = WeatherFox;
		};
/* End PBXContainerItemProxy section */

/* Begin PBXFileReference section */
		F83E451B2915AD74002CC9E3 /* WeatherService.swift */ = {isa = PBXFileReference; lastKnownFileType = sourcecode.swift; path = WeatherService.swift; sourceTree = "<group>"; };
		F84463A229116081009F04BB /* WeatherFox.app */ = {isa = PBXFileReference; explicitFileType = wrapper.application; includeInIndex = 0; path = WeatherFox.app; sourceTree = BUILT_PRODUCTS_DIR; };
		F84463A529116081009F04BB /* WeatherFoxApp.swift */ = {isa = PBXFileReference; lastKnownFileType = sourcecode.swift; path = WeatherFoxApp.swift; sourceTree = "<group>"; };
		F84463A729116081009F04BB /* ContentView.swift */ = {isa = PBXFileReference; lastKnownFileType = sourcecode.swift; path = ContentView.swift; sourceTree = "<group>"; };
		F84463A929116082009F04BB /* Assets.xcassets */ = {isa = PBXFileReference; lastKnownFileType = folder.assetcatalog; path = Assets.xcassets; sourceTree = "<group>"; };
		F84463AC29116082009F04BB /* Preview Assets.xcassets */ = {isa = PBXFileReference; lastKnownFileType = folder.assetcatalog; path = "Preview Assets.xcassets"; sourceTree = "<group>"; };
		F84463AE29116082009F04BB /* Persistence.swift */ = {isa = PBXFileReference; lastKnownFileType = sourcecode.swift; path = Persistence.swift; sourceTree = "<group>"; };
		F84463B129116082009F04BB /* WeatherFox.xcdatamodel */ = {isa = PBXFileReference; lastKnownFileType = wrapper.xcdatamodel; path = WeatherFox.xcdatamodel; sourceTree = "<group>"; };
		F84463B729116082009F04BB /* WeatherFoxTests.xctest */ = {isa = PBXFileReference; explicitFileType = wrapper.cfbundle; includeInIndex = 0; path = WeatherFoxTests.xctest; sourceTree = BUILT_PRODUCTS_DIR; };
		F84463BB29116082009F04BB /* WeatherFoxTests.swift */ = {isa = PBXFileReference; lastKnownFileType = sourcecode.swift; path = WeatherFoxTests.swift; sourceTree = "<group>"; };
		F84463C129116082009F04BB /* WeatherFoxUITests.xctest */ = {isa = PBXFileReference; explicitFileType = wrapper.cfbundle; includeInIndex = 0; path = WeatherFoxUITests.xctest; sourceTree = BUILT_PRODUCTS_DIR; };
		F84463C529116082009F04BB /* WeatherFoxUITests.swift */ = {isa = PBXFileReference; lastKnownFileType = sourcecode.swift; path = WeatherFoxUITests.swift; sourceTree = "<group>"; };
		F84463C729116082009F04BB /* WeatherFoxUITestsLaunchTests.swift */ = {isa = PBXFileReference; lastKnownFileType = sourcecode.swift; path = WeatherFoxUITestsLaunchTests.swift; sourceTree = "<group>"; };
		F84463D4291160E3009F04BB /* Readme.md */ = {isa = PBXFileReference; lastKnownFileType = net.daringfireball.markdown; path = Readme.md; sourceTree = "<group>"; };
		F84463D6291185C0009F04BB /* PhoneHomeView.swift */ = {isa = PBXFileReference; lastKnownFileType = sourcecode.swift; path = PhoneHomeView.swift; sourceTree = "<group>"; };
		F84463DA29118A1D009F04BB /* WeatherRepository.swift */ = {isa = PBXFileReference; lastKnownFileType = sourcecode.swift; path = WeatherRepository.swift; sourceTree = "<group>"; };
		F84463DF2911A40C009F04BB /* ForecastModel.swift */ = {isa = PBXFileReference; lastKnownFileType = sourcecode.swift; path = ForecastModel.swift; sourceTree = "<group>"; };
		F84463E12911B62E009F04BB /* HomeVM.swift */ = {isa = PBXFileReference; lastKnownFileType = sourcecode.swift; path = HomeVM.swift; sourceTree = "<group>"; };
		F84463E32911C375009F04BB /* CurrentWeatherView.swift */ = {isa = PBXFileReference; lastKnownFileType = sourcecode.swift; path = CurrentWeatherView.swift; sourceTree = "<group>"; };
		F8B8437C2935476B00DCE48B /* AppConfig.swift */ = {isa = PBXFileReference; lastKnownFileType = sourcecode.swift; path = AppConfig.swift; sourceTree = "<group>"; };
		F8B8437F29354AB300DCE48B /* SharedAssets.xcassets */ = {isa = PBXFileReference; lastKnownFileType = folder.assetcatalog; path = SharedAssets.xcassets; sourceTree = "<group>"; };
/* End PBXFileReference section */

/* Begin PBXFrameworksBuildPhase section */
		F844639F29116081009F04BB /* Frameworks */ = {
			isa = PBXFrameworksBuildPhase;
			buildActionMask = 2147483647;
			files = (
			);
			runOnlyForDeploymentPostprocessing = 0;
		};
		F84463B429116082009F04BB /* Frameworks */ = {
			isa = PBXFrameworksBuildPhase;
			buildActionMask = 2147483647;
			files = (
			);
			runOnlyForDeploymentPostprocessing = 0;
		};
		F84463BE29116082009F04BB /* Frameworks */ = {
			isa = PBXFrameworksBuildPhase;
			buildActionMask = 2147483647;
			files = (
			);
			runOnlyForDeploymentPostprocessing = 0;
		};
/* End PBXFrameworksBuildPhase section */

/* Begin PBXGroup section */
		F844639929116081009F04BB = {
			isa = PBXGroup;
			children = (
				F84463D4291160E3009F04BB /* Readme.md */,
				F84463A429116081009F04BB /* WeatherFox */,
				F84463BA29116082009F04BB /* WeatherFoxTests */,
				F84463C429116082009F04BB /* WeatherFoxUITests */,
				F84463A329116081009F04BB /* Products */,
			);
			sourceTree = "<group>";
		};
		F84463A329116081009F04BB /* Products */ = {
			isa = PBXGroup;
			children = (
				F84463A229116081009F04BB /* WeatherFox.app */,
				F84463B729116082009F04BB /* WeatherFoxTests.xctest */,
				F84463C129116082009F04BB /* WeatherFoxUITests.xctest */,
			);
			name = Products;
			sourceTree = "<group>";
		};
		F84463A429116081009F04BB /* WeatherFox */ = {
			isa = PBXGroup;
			children = (
				F84463D5291165A5009F04BB /* Shared */,
				F84463D8291185D2009F04BB /* iOS */,
				F84463A729116081009F04BB /* ContentView.swift */,
				F84463A929116082009F04BB /* Assets.xcassets */,
				F84463AE29116082009F04BB /* Persistence.swift */,
				F84463B029116082009F04BB /* WeatherFox.xcdatamodeld */,
				F84463AB29116082009F04BB /* Preview Content */,
			);
			path = WeatherFox;
			sourceTree = "<group>";
		};
		F84463AB29116082009F04BB /* Preview Content */ = {
			isa = PBXGroup;
			children = (
				F84463AC29116082009F04BB /* Preview Assets.xcassets */,
			);
			path = "Preview Content";
			sourceTree = "<group>";
		};
		F84463BA29116082009F04BB /* WeatherFoxTests */ = {
			isa = PBXGroup;
			children = (
				F84463BB29116082009F04BB /* WeatherFoxTests.swift */,
			);
			path = WeatherFoxTests;
			sourceTree = "<group>";
		};
		F84463C429116082009F04BB /* WeatherFoxUITests */ = {
			isa = PBXGroup;
			children = (
				F84463C529116082009F04BB /* WeatherFoxUITests.swift */,
				F84463C729116082009F04BB /* WeatherFoxUITestsLaunchTests.swift */,
			);
			path = WeatherFoxUITests;
			sourceTree = "<group>";
		};
		F84463D5291165A5009F04BB /* Shared */ = {
			isa = PBXGroup;
			children = (
				F84463A529116081009F04BB /* WeatherFoxApp.swift */,
				F8B8437C2935476B00DCE48B /* AppConfig.swift */,
				F84463E12911B62E009F04BB /* HomeVM.swift */,
				F84463DC29118D97009F04BB /* Model */,
				F84463D92911896A009F04BB /* Repositories */,
				F84463E32911C375009F04BB /* CurrentWeatherView.swift */,
				F8B8438129354DF400DCE48B /* Assets */,
			);
			path = Shared;
			sourceTree = "<group>";
		};
		F84463D8291185D2009F04BB /* iOS */ = {
			isa = PBXGroup;
			children = (
				F84463D6291185C0009F04BB /* PhoneHomeView.swift */,
			);
			path = iOS;
			sourceTree = "<group>";
		};
		F84463D92911896A009F04BB /* Repositories */ = {
			isa = PBXGroup;
			children = (
				F84463DA29118A1D009F04BB /* WeatherRepository.swift */,
				F83E451B2915AD74002CC9E3 /* WeatherService.swift */,
			);
			path = Repositories;
			sourceTree = "<group>";
		};
		F84463DC29118D97009F04BB /* Model */ = {
			isa = PBXGroup;
			children = (
				F84463DF2911A40C009F04BB /* ForecastModel.swift */,
			);
			path = Model;
			sourceTree = "<group>";
		};
		F8B8438129354DF400DCE48B /* Assets */ = {
			isa = PBXGroup;
			children = (
				F8B8437F29354AB300DCE48B /* SharedAssets.xcassets */,
			);
			path = Assets;
			sourceTree = "<group>";
		};
/* End PBXGroup section */

/* Begin PBXNativeTarget section */
		F84463A129116081009F04BB /* WeatherFox */ = {
			isa = PBXNativeTarget;
			buildConfigurationList = F84463CB29116082009F04BB /* Build configuration list for PBXNativeTarget "WeatherFox" */;
			buildPhases = (
				F844639E29116081009F04BB /* Sources */,
				F844639F29116081009F04BB /* Frameworks */,
				F84463A029116081009F04BB /* Resources */,
			);
			buildRules = (
			);
			dependencies = (
			);
			name = WeatherFox;
			productName = WeatherFox;
			productReference = F84463A229116081009F04BB /* WeatherFox.app */;
			productType = "com.apple.product-type.application";
		};
		F84463B629116082009F04BB /* WeatherFoxTests */ = {
			isa = PBXNativeTarget;
			buildConfigurationList = F84463CE29116082009F04BB /* Build configuration list for PBXNativeTarget "WeatherFoxTests" */;
			buildPhases = (
				F84463B329116082009F04BB /* Sources */,
				F84463B429116082009F04BB /* Frameworks */,
				F84463B529116082009F04BB /* Resources */,
			);
			buildRules = (
			);
			dependencies = (
				F84463B929116082009F04BB /* PBXTargetDependency */,
			);
			name = WeatherFoxTests;
			productName = WeatherFoxTests;
			productReference = F84463B729116082009F04BB /* WeatherFoxTests.xctest */;
			productType = "com.apple.product-type.bundle.unit-test";
		};
		F84463C029116082009F04BB /* WeatherFoxUITests */ = {
			isa = PBXNativeTarget;
			buildConfigurationList = F84463D129116082009F04BB /* Build configuration list for PBXNativeTarget "WeatherFoxUITests" */;
			buildPhases = (
				F84463BD29116082009F04BB /* Sources */,
				F84463BE29116082009F04BB /* Frameworks */,
				F84463BF29116082009F04BB /* Resources */,
			);
			buildRules = (
			);
			dependencies = (
				F84463C329116082009F04BB /* PBXTargetDependency */,
			);
			name = WeatherFoxUITests;
			productName = WeatherFoxUITests;
			productReference = F84463C129116082009F04BB /* WeatherFoxUITests.xctest */;
			productType = "com.apple.product-type.bundle.ui-testing";
		};
/* End PBXNativeTarget section */

/* Begin PBXProject section */
		F844639A29116081009F04BB /* Project object */ = {
			isa = PBXProject;
			attributes = {
				BuildIndependentTargetsInParallel = 1;
				LastSwiftUpdateCheck = 1400;
				LastUpgradeCheck = 1400;
				TargetAttributes = {
					F84463A129116081009F04BB = {
						CreatedOnToolsVersion = 14.0.1;
					};
					F84463B629116082009F04BB = {
						CreatedOnToolsVersion = 14.0.1;
						TestTargetID = F84463A129116081009F04BB;
					};
					F84463C029116082009F04BB = {
						CreatedOnToolsVersion = 14.0.1;
						TestTargetID = F84463A129116081009F04BB;
					};
				};
			};
			buildConfigurationList = F844639D29116081009F04BB /* Build configuration list for PBXProject "WeatherFox" */;
			compatibilityVersion = "Xcode 14.0";
			developmentRegion = en;
			hasScannedForEncodings = 0;
			knownRegions = (
				en,
				Base,
			);
			mainGroup = F844639929116081009F04BB;
			productRefGroup = F84463A329116081009F04BB /* Products */;
			projectDirPath = "";
			projectRoot = "";
			targets = (
				F84463A129116081009F04BB /* WeatherFox */,
				F84463B629116082009F04BB /* WeatherFoxTests */,
				F84463C029116082009F04BB /* WeatherFoxUITests */,
			);
		};
/* End PBXProject section */

/* Begin PBXResourcesBuildPhase section */
		F84463A029116081009F04BB /* Resources */ = {
			isa = PBXResourcesBuildPhase;
			buildActionMask = 2147483647;
			files = (
				F84463AD29116082009F04BB /* Preview Assets.xcassets in Resources */,
				F8B8438029354AB300DCE48B /* SharedAssets.xcassets in Resources */,
				F84463AA29116082009F04BB /* Assets.xcassets in Resources */,
			);
			runOnlyForDeploymentPostprocessing = 0;
		};
		F84463B529116082009F04BB /* Resources */ = {
			isa = PBXResourcesBuildPhase;
			buildActionMask = 2147483647;
			files = (
			);
			runOnlyForDeploymentPostprocessing = 0;
		};
		F84463BF29116082009F04BB /* Resources */ = {
			isa = PBXResourcesBuildPhase;
			buildActionMask = 2147483647;
			files = (
			);
			runOnlyForDeploymentPostprocessing = 0;
		};
/* End PBXResourcesBuildPhase section */

/* Begin PBXSourcesBuildPhase section */
		F844639E29116081009F04BB /* Sources */ = {
			isa = PBXSourcesBuildPhase;
			buildActionMask = 2147483647;
			files = (
				F83E451C2915AD74002CC9E3 /* WeatherService.swift in Sources */,
				F84463DB29118A1D009F04BB /* WeatherRepository.swift in Sources */,
				F8B8437D2935476B00DCE48B /* AppConfig.swift in Sources */,
				F84463B229116082009F04BB /* WeatherFox.xcdatamodeld in Sources */,
				F84463E42911C375009F04BB /* CurrentWeatherView.swift in Sources */,
				F84463AF29116082009F04BB /* Persistence.swift in Sources */,
				F84463A829116081009F04BB /* ContentView.swift in Sources */,
				F84463E22911B62E009F04BB /* HomeVM.swift in Sources */,
				F84463D7291185C0009F04BB /* PhoneHomeView.swift in Sources */,
				F84463E02911A40C009F04BB /* ForecastModel.swift in Sources */,
				F84463A629116081009F04BB /* WeatherFoxApp.swift in Sources */,
			);
			runOnlyForDeploymentPostprocessing = 0;
		};
		F84463B329116082009F04BB /* Sources */ = {
			isa = PBXSourcesBuildPhase;
			buildActionMask = 2147483647;
			files = (
				F84463BC29116082009F04BB /* WeatherFoxTests.swift in Sources */,
			);
			runOnlyForDeploymentPostprocessing = 0;
		};
		F84463BD29116082009F04BB /* Sources */ = {
			isa = PBXSourcesBuildPhase;
			buildActionMask = 2147483647;
			files = (
				F84463C629116082009F04BB /* WeatherFoxUITests.swift in Sources */,
				F84463C829116082009F04BB /* WeatherFoxUITestsLaunchTests.swift in Sources */,
			);
			runOnlyForDeploymentPostprocessing = 0;
		};
/* End PBXSourcesBuildPhase section */

/* Begin PBXTargetDependency section */
		F84463B929116082009F04BB /* PBXTargetDependency */ = {
			isa = PBXTargetDependency;
			target = F84463A129116081009F04BB /* WeatherFox */;
			targetProxy = F84463B829116082009F04BB /* PBXContainerItemProxy */;
		};
		F84463C329116082009F04BB /* PBXTargetDependency */ = {
			isa = PBXTargetDependency;
			target = F84463A129116081009F04BB /* WeatherFox */;
			targetProxy = F84463C229116082009F04BB /* PBXContainerItemProxy */;
		};
/* End PBXTargetDependency section */

/* Begin XCBuildConfiguration section */
		F84463C929116082009F04BB /* Debug */ = {
			isa = XCBuildConfiguration;
			buildSettings = {
				ALWAYS_SEARCH_USER_PATHS = NO;
				CLANG_ANALYZER_NONNULL = YES;
				CLANG_ANALYZER_NUMBER_OBJECT_CONVERSION = YES_AGGRESSIVE;
				CLANG_CXX_LANGUAGE_STANDARD = "gnu++20";
				CLANG_ENABLE_MODULES = YES;
				CLANG_ENABLE_OBJC_ARC = YES;
				CLANG_ENABLE_OBJC_WEAK = YES;
				CLANG_WARN_BLOCK_CAPTURE_AUTORELEASING = YES;
				CLANG_WARN_BOOL_CONVERSION = YES;
				CLANG_WARN_COMMA = YES;
				CLANG_WARN_CONSTANT_CONVERSION = YES;
				CLANG_WARN_DEPRECATED_OBJC_IMPLEMENTATIONS = YES;
				CLANG_WARN_DIRECT_OBJC_ISA_USAGE = YES_ERROR;
				CLANG_WARN_DOCUMENTATION_COMMENTS = YES;
				CLANG_WARN_EMPTY_BODY = YES;
				CLANG_WARN_ENUM_CONVERSION = YES;
				CLANG_WARN_INFINITE_RECURSION = YES;
				CLANG_WARN_INT_CONVERSION = YES;
				CLANG_WARN_NON_LITERAL_NULL_CONVERSION = YES;
				CLANG_WARN_OBJC_IMPLICIT_RETAIN_SELF = YES;
				CLANG_WARN_OBJC_LITERAL_CONVERSION = YES;
				CLANG_WARN_OBJC_ROOT_CLASS = YES_ERROR;
				CLANG_WARN_QUOTED_INCLUDE_IN_FRAMEWORK_HEADER = YES;
				CLANG_WARN_RANGE_LOOP_ANALYSIS = YES;
				CLANG_WARN_STRICT_PROTOTYPES = YES;
				CLANG_WARN_SUSPICIOUS_MOVE = YES;
				CLANG_WARN_UNGUARDED_AVAILABILITY = YES_AGGRESSIVE;
				CLANG_WARN_UNREACHABLE_CODE = YES;
				CLANG_WARN__DUPLICATE_METHOD_MATCH = YES;
				COPY_PHASE_STRIP = NO;
				DEBUG_INFORMATION_FORMAT = dwarf;
				ENABLE_STRICT_OBJC_MSGSEND = YES;
				ENABLE_TESTABILITY = YES;
				GCC_C_LANGUAGE_STANDARD = gnu11;
				GCC_DYNAMIC_NO_PIC = NO;
				GCC_NO_COMMON_BLOCKS = YES;
				GCC_OPTIMIZATION_LEVEL = 0;
				GCC_PREPROCESSOR_DEFINITIONS = (
					"DEBUG=1",
					"$(inherited)",
				);
				GCC_WARN_64_TO_32_BIT_CONVERSION = YES;
				GCC_WARN_ABOUT_RETURN_TYPE = YES_ERROR;
				GCC_WARN_UNDECLARED_SELECTOR = YES;
				GCC_WARN_UNINITIALIZED_AUTOS = YES_AGGRESSIVE;
				GCC_WARN_UNUSED_FUNCTION = YES;
				GCC_WARN_UNUSED_VARIABLE = YES;
				IPHONEOS_DEPLOYMENT_TARGET = 16.0;
				MTL_ENABLE_DEBUG_INFO = INCLUDE_SOURCE;
				MTL_FAST_MATH = YES;
				ONLY_ACTIVE_ARCH = YES;
				SDKROOT = iphoneos;
				SWIFT_ACTIVE_COMPILATION_CONDITIONS = DEBUG;
				SWIFT_OPTIMIZATION_LEVEL = "-Onone";
			};
			name = Debug;
		};
		F84463CA29116082009F04BB /* Release */ = {
			isa = XCBuildConfiguration;
			buildSettings = {
				ALWAYS_SEARCH_USER_PATHS = NO;
				CLANG_ANALYZER_NONNULL = YES;
				CLANG_ANALYZER_NUMBER_OBJECT_CONVERSION = YES_AGGRESSIVE;
				CLANG_CXX_LANGUAGE_STANDARD = "gnu++20";
				CLANG_ENABLE_MODULES = YES;
				CLANG_ENABLE_OBJC_ARC = YES;
				CLANG_ENABLE_OBJC_WEAK = YES;
				CLANG_WARN_BLOCK_CAPTURE_AUTORELEASING = YES;
				CLANG_WARN_BOOL_CONVERSION = YES;
				CLANG_WARN_COMMA = YES;
				CLANG_WARN_CONSTANT_CONVERSION = YES;
				CLANG_WARN_DEPRECATED_OBJC_IMPLEMENTATIONS = YES;
				CLANG_WARN_DIRECT_OBJC_ISA_USAGE = YES_ERROR;
				CLANG_WARN_DOCUMENTATION_COMMENTS = YES;
				CLANG_WARN_EMPTY_BODY = YES;
				CLANG_WARN_ENUM_CONVERSION = YES;
				CLANG_WARN_INFINITE_RECURSION = YES;
				CLANG_WARN_INT_CONVERSION = YES;
				CLANG_WARN_NON_LITERAL_NULL_CONVERSION = YES;
				CLANG_WARN_OBJC_IMPLICIT_RETAIN_SELF = YES;
				CLANG_WARN_OBJC_LITERAL_CONVERSION = YES;
				CLANG_WARN_OBJC_ROOT_CLASS = YES_ERROR;
				CLANG_WARN_QUOTED_INCLUDE_IN_FRAMEWORK_HEADER = YES;
				CLANG_WARN_RANGE_LOOP_ANALYSIS = YES;
				CLANG_WARN_STRICT_PROTOTYPES = YES;
				CLANG_WARN_SUSPICIOUS_MOVE = YES;
				CLANG_WARN_UNGUARDED_AVAILABILITY = YES_AGGRESSIVE;
				CLANG_WARN_UNREACHABLE_CODE = YES;
				CLANG_WARN__DUPLICATE_METHOD_MATCH = YES;
				COPY_PHASE_STRIP = NO;
				DEBUG_INFORMATION_FORMAT = "dwarf-with-dsym";
				ENABLE_NS_ASSERTIONS = NO;
				ENABLE_STRICT_OBJC_MSGSEND = YES;
				GCC_C_LANGUAGE_STANDARD = gnu11;
				GCC_NO_COMMON_BLOCKS = YES;
				GCC_WARN_64_TO_32_BIT_CONVERSION = YES;
				GCC_WARN_ABOUT_RETURN_TYPE = YES_ERROR;
				GCC_WARN_UNDECLARED_SELECTOR = YES;
				GCC_WARN_UNINITIALIZED_AUTOS = YES_AGGRESSIVE;
				GCC_WARN_UNUSED_FUNCTION = YES;
				GCC_WARN_UNUSED_VARIABLE = YES;
				IPHONEOS_DEPLOYMENT_TARGET = 16.0;
				MTL_ENABLE_DEBUG_INFO = NO;
				MTL_FAST_MATH = YES;
				SDKROOT = iphoneos;
				SWIFT_COMPILATION_MODE = wholemodule;
				SWIFT_OPTIMIZATION_LEVEL = "-O";
				VALIDATE_PRODUCT = YES;
			};
			name = Release;
		};
		F84463CC29116082009F04BB /* Debug */ = {
			isa = XCBuildConfiguration;
			buildSettings = {
				ASSETCATALOG_COMPILER_APPICON_NAME = AppIcon;
				ASSETCATALOG_COMPILER_GLOBAL_ACCENT_COLOR_NAME = AccentColor;
				CODE_SIGN_STYLE = Automatic;
				CURRENT_PROJECT_VERSION = 1;
				DEVELOPMENT_ASSET_PATHS = "\"WeatherFox/Preview Content\"";
				DEVELOPMENT_TEAM = J8LWAAB2XC;
				ENABLE_PREVIEWS = YES;
				GENERATE_INFOPLIST_FILE = YES;
				INFOPLIST_KEY_LSApplicationCategoryType = "public.app-category.weather";
				INFOPLIST_KEY_UIApplicationSceneManifest_Generation = YES;
				INFOPLIST_KEY_UIApplicationSupportsIndirectInputEvents = YES;
				INFOPLIST_KEY_UILaunchScreen_Generation = YES;
				INFOPLIST_KEY_UISupportedInterfaceOrientations = UIInterfaceOrientationPortrait;
				INFOPLIST_KEY_UISupportedInterfaceOrientations_iPad = "UIInterfaceOrientationLandscapeLeft UIInterfaceOrientationLandscapeRight UIInterfaceOrientationPortrait";
				IPHONEOS_DEPLOYMENT_TARGET = 15.0;
				LD_RUNPATH_SEARCH_PATHS = (
					"$(inherited)",
					"@executable_path/Frameworks",
				);
				MARKETING_VERSION = 1.0;
				PRODUCT_BUNDLE_IDENTIFIER = com.FoxDev.WeatherFox;
				PRODUCT_NAME = "$(TARGET_NAME)";
				SWIFT_EMIT_LOC_STRINGS = YES;
				SWIFT_VERSION = 5.0;
				TARGETED_DEVICE_FAMILY = "1,2";
			};
			name = Debug;
		};
		F84463CD29116082009F04BB /* Release */ = {
			isa = XCBuildConfiguration;
			buildSettings = {
				ASSETCATALOG_COMPILER_APPICON_NAME = AppIcon;
				ASSETCATALOG_COMPILER_GLOBAL_ACCENT_COLOR_NAME = AccentColor;
				CODE_SIGN_STYLE = Automatic;
				CURRENT_PROJECT_VERSION = 1;
				DEVELOPMENT_ASSET_PATHS = "\"WeatherFox/Preview Content\"";
				DEVELOPMENT_TEAM = J8LWAAB2XC;
				ENABLE_PREVIEWS = YES;
				GENERATE_INFOPLIST_FILE = YES;
				INFOPLIST_KEY_LSApplicationCategoryType = "public.app-category.weather";
				INFOPLIST_KEY_UIApplicationSceneManifest_Generation = YES;
				INFOPLIST_KEY_UIApplicationSupportsIndirectInputEvents = YES;
				INFOPLIST_KEY_UILaunchScreen_Generation = YES;
				INFOPLIST_KEY_UISupportedInterfaceOrientations = UIInterfaceOrientationPortrait;
				INFOPLIST_KEY_UISupportedInterfaceOrientations_iPad = "UIInterfaceOrientationLandscapeLeft UIInterfaceOrientationLandscapeRight UIInterfaceOrientationPortrait";
				IPHONEOS_DEPLOYMENT_TARGET = 15.0;
				LD_RUNPATH_SEARCH_PATHS = (
					"$(inherited)",
					"@executable_path/Frameworks",
				);
				MARKETING_VERSION = 1.0;
				PRODUCT_BUNDLE_IDENTIFIER = com.FoxDev.WeatherFox;
				PRODUCT_NAME = "$(TARGET_NAME)";
				SWIFT_EMIT_LOC_STRINGS = YES;
				SWIFT_VERSION = 5.0;
				TARGETED_DEVICE_FAMILY = "1,2";
			};
			name = Release;
		};
		F84463CF29116082009F04BB /* Debug */ = {
			isa = XCBuildConfiguration;
			buildSettings = {
				ALWAYS_EMBED_SWIFT_STANDARD_LIBRARIES = YES;
				BUNDLE_LOADER = "$(TEST_HOST)";
				CODE_SIGN_STYLE = Automatic;
				CURRENT_PROJECT_VERSION = 1;
				DEVELOPMENT_TEAM = J8LWAAB2XC;
				GENERATE_INFOPLIST_FILE = YES;
				IPHONEOS_DEPLOYMENT_TARGET = 16.0;
				MARKETING_VERSION = 1.0;
				PRODUCT_BUNDLE_IDENTIFIER = com.FoxDev.WeatherFoxTests;
				PRODUCT_NAME = "$(TARGET_NAME)";
				SWIFT_EMIT_LOC_STRINGS = NO;
				SWIFT_VERSION = 5.0;
				TARGETED_DEVICE_FAMILY = "1,2";
				TEST_HOST = "$(BUILT_PRODUCTS_DIR)/WeatherFox.app/$(BUNDLE_EXECUTABLE_FOLDER_PATH)/WeatherFox";
			};
			name = Debug;
		};
		F84463D029116082009F04BB /* Release */ = {
			isa = XCBuildConfiguration;
			buildSettings = {
				ALWAYS_EMBED_SWIFT_STANDARD_LIBRARIES = YES;
				BUNDLE_LOADER = "$(TEST_HOST)";
				CODE_SIGN_STYLE = Automatic;
				CURRENT_PROJECT_VERSION = 1;
				DEVELOPMENT_TEAM = J8LWAAB2XC;
				GENERATE_INFOPLIST_FILE = YES;
				IPHONEOS_DEPLOYMENT_TARGET = 16.0;
				MARKETING_VERSION = 1.0;
				PRODUCT_BUNDLE_IDENTIFIER = com.FoxDev.WeatherFoxTests;
				PRODUCT_NAME = "$(TARGET_NAME)";
				SWIFT_EMIT_LOC_STRINGS = NO;
				SWIFT_VERSION = 5.0;
				TARGETED_DEVICE_FAMILY = "1,2";
				TEST_HOST = "$(BUILT_PRODUCTS_DIR)/WeatherFox.app/$(BUNDLE_EXECUTABLE_FOLDER_PATH)/WeatherFox";
			};
			name = Release;
		};
		F84463D229116082009F04BB /* Debug */ = {
			isa = XCBuildConfiguration;
			buildSettings = {
				ALWAYS_EMBED_SWIFT_STANDARD_LIBRARIES = YES;
				CODE_SIGN_STYLE = Automatic;
				CURRENT_PROJECT_VERSION = 1;
				DEVELOPMENT_TEAM = J8LWAAB2XC;
				GENERATE_INFOPLIST_FILE = YES;
				MARKETING_VERSION = 1.0;
				PRODUCT_BUNDLE_IDENTIFIER = com.FoxDev.WeatherFoxUITests;
				PRODUCT_NAME = "$(TARGET_NAME)";
				SWIFT_EMIT_LOC_STRINGS = NO;
				SWIFT_VERSION = 5.0;
				TARGETED_DEVICE_FAMILY = "1,2";
				TEST_TARGET_NAME = WeatherFox;
			};
			name = Debug;
		};
		F84463D329116082009F04BB /* Release */ = {
			isa = XCBuildConfiguration;
			buildSettings = {
				ALWAYS_EMBED_SWIFT_STANDARD_LIBRARIES = YES;
				CODE_SIGN_STYLE = Automatic;
				CURRENT_PROJECT_VERSION = 1;
				DEVELOPMENT_TEAM = J8LWAAB2XC;
				GENERATE_INFOPLIST_FILE = YES;
				MARKETING_VERSION = 1.0;
				PRODUCT_BUNDLE_IDENTIFIER = com.FoxDev.WeatherFoxUITests;
				PRODUCT_NAME = "$(TARGET_NAME)";
				SWIFT_EMIT_LOC_STRINGS = NO;
				SWIFT_VERSION = 5.0;
				TARGETED_DEVICE_FAMILY = "1,2";
				TEST_TARGET_NAME = WeatherFox;
			};
			name = Release;
		};
/* End XCBuildConfiguration section */

/* Begin XCConfigurationList section */
		F844639D29116081009F04BB /* Build configuration list for PBXProject "WeatherFox" */ = {
			isa = XCConfigurationList;
			buildConfigurations = (
				F84463C929116082009F04BB /* Debug */,
				F84463CA29116082009F04BB /* Release */,
			);
			defaultConfigurationIsVisible = 0;
			defaultConfigurationName = Release;
		};
		F84463CB29116082009F04BB /* Build configuration list for PBXNativeTarget "WeatherFox" */ = {
			isa = XCConfigurationList;
			buildConfigurations = (
				F84463CC29116082009F04BB /* Debug */,
				F84463CD29116082009F04BB /* Release */,
			);
			defaultConfigurationIsVisible = 0;
			defaultConfigurationName = Release;
		};
		F84463CE29116082009F04BB /* Build configuration list for PBXNativeTarget "WeatherFoxTests" */ = {
			isa = XCConfigurationList;
			buildConfigurations = (
				F84463CF29116082009F04BB /* Debug */,
				F84463D029116082009F04BB /* Release */,
			);
			defaultConfigurationIsVisible = 0;
			defaultConfigurationName = Release;
		};
		F84463D129116082009F04BB /* Build configuration list for PBXNativeTarget "WeatherFoxUITests" */ = {
			isa = XCConfigurationList;
			buildConfigurations = (
				F84463D229116082009F04BB /* Debug */,
				F84463D329116082009F04BB /* Release */,
			);
			defaultConfigurationIsVisible = 0;
			defaultConfigurationName = Release;
		};
/* End XCConfigurationList section */

/* Begin XCVersionGroup section */
		F84463B029116082009F04BB /* WeatherFox.xcdatamodeld */ = {
			isa = XCVersionGroup;
			children = (
				F84463B129116082009F04BB /* WeatherFox.xcdatamodel */,
			);
			currentVersion = F84463B129116082009F04BB /* WeatherFox.xcdatamodel */;
			path = WeatherFox.xcdatamodeld;
			sourceTree = "<group>";
			versionGroupType = wrapper.xcdatamodel;
		};
/* End XCVersionGroup section */
	};
	rootObject = F844639A29116081009F04BB /* Project object */;
}
